{
  "name": "Python_Benchmark",
  "lockfileVersion": 3,
  "requires": true,
  "packages": {
    "": {
      "dependencies": {
        "pyodide": "^0.27.3"
      }
    },
    "node_modules/pyodide": {
      "version": "0.27.3",
      "resolved": "https://registry.npmjs.org/pyodide/-/pyodide-0.27.3.tgz",
      "integrity": "sha512-6NwKEbPk0M3Wic2T1TCZijgZH9VE4RkHp1VGljS1sou0NjGdsmY2R/fG5oLmdDkjTRMI1iW7WYaY9pofX8gg1g==",
      "license": "Apache-2.0",
      "dependencies": {
        "ws": "^8.5.0"
      },
      "engines": {
        "node": ">=18.0.0"
      }
    },
    "node_modules/ws": {
      "version": "8.18.1",
      "resolved": "https://registry.npmjs.org/ws/-/ws-8.18.1.tgz",
      "integrity": "sha512-RKW2aJZMXeMxVpnZ6bck+RswznaxmzdULiBr6KY7XkTnW8uvt0iT9H5DkHUChXrc+uurzwa0rVI16n/Xzjdz1w==",
      "license": "MIT",
      "engines": {
        "node": ">=10.0.0"
      },
      "peerDependencies": {
        "bufferutil": "^4.0.1",
        "utf-8-validate": ">=5.0.2"
      },
      "peerDependenciesMeta": {
        "bufferutil": {
          "optional": true
        },
        "utf-8-validate": {
          "optional": true
        }
      }
    }
  }
}
